// !$*UTF8*$!
{
	archiveVersion = 1;
	classes = {
	};
	objectVersion = 52;
	objects = {

/* Begin PBXBuildFile section */
		A867CCBC24C42B7500D27F74 /* AppDelegate.swift in Sources */ = {isa = PBXBuildFile; fileRef = A867CCBB24C42B7500D27F74 /* AppDelegate.swift */; };
		A867CCBE24C42B7500D27F74 /* SceneDelegate.swift in Sources */ = {isa = PBXBuildFile; fileRef = A867CCBD24C42B7500D27F74 /* SceneDelegate.swift */; };
		A867CCC024C42B7500D27F74 /* ContentView.swift in Sources */ = {isa = PBXBuildFile; fileRef = A867CCBF24C42B7500D27F74 /* ContentView.swift */; };
		A867CCC224C42B7600D27F74 /* Assets.xcassets in Resources */ = {isa = PBXBuildFile; fileRef = A867CCC124C42B7600D27F74 /* Assets.xcassets */; };
		A867CCC524C42B7600D27F74 /* Preview Assets.xcassets in Resources */ = {isa = PBXBuildFile; fileRef = A867CCC424C42B7600D27F74 /* Preview Assets.xcassets */; };
		A867CCC824C42B7600D27F74 /* LaunchScreen.storyboard in Resources */ = {isa = PBXBuildFile; fileRef = A867CCC624C42B7600D27F74 /* LaunchScreen.storyboard */; };
		A867CCD124C42BA600D27F74 /* APIKit in Frameworks */ = {isa = PBXBuildFile; productRef = A867CCD024C42BA600D27F74 /* APIKit */; };
		A867CCD324C42C2000D27F74 /* APIPublisher.swift in Sources */ = {isa = PBXBuildFile; fileRef = A867CCD224C42C2000D27F74 /* APIPublisher.swift */; };
		A867CCD524C42E1B00D27F74 /* Request+.swift in Sources */ = {isa = PBXBuildFile; fileRef = A867CCD424C42E1B00D27F74 /* Request+.swift */; };
		A867CCD724C42EAD00D27F74 /* GitHubRequestProtocol.swift in Sources */ = {isa = PBXBuildFile; fileRef = A867CCD624C42EAD00D27F74 /* GitHubRequestProtocol.swift */; };
		A867CCD924C4333E00D27F74 /* APIDataParser.swift in Sources */ = {isa = PBXBuildFile; fileRef = A867CCD824C4333E00D27F74 /* APIDataParser.swift */; };
/* End PBXBuildFile section */

/* Begin PBXFileReference section */
		A867CCB824C42B7500D27F74 /* APIKitCombine.app */ = {isa = PBXFileReference; explicitFileType = wrapper.application; includeInIndex = 0; path = APIKitCombine.app; sourceTree = BUILT_PRODUCTS_DIR; };
		A867CCBB24C42B7500D27F74 /* AppDelegate.swift */ = {isa = PBXFileReference; lastKnownFileType = sourcecode.swift; path = AppDelegate.swift; sourceTree = "<group>"; };
		A867CCBD24C42B7500D27F74 /* SceneDelegate.swift */ = {isa = PBXFileReference; lastKnownFileType = sourcecode.swift; path = SceneDelegate.swift; sourceTree = "<group>"; };
		A867CCBF24C42B7500D27F74 /* ContentView.swift */ = {isa = PBXFileReference; lastKnownFileType = sourcecode.swift; path = ContentView.swift; sourceTree = "<group>"; };
		A867CCC124C42B7600D27F74 /* Assets.xcassets */ = {isa = PBXFileReference; lastKnownFileType = folder.assetcatalog; path = Assets.xcassets; sourceTree = "<group>"; };
		A867CCC424C42B7600D27F74 /* Preview Assets.xcassets */ = {isa = PBXFileReference; lastKnownFileType = folder.assetcatalog; path = "Preview Assets.xcassets"; sourceTree = "<group>"; };
		A867CCC724C42B7600D27F74 /* Base */ = {isa = PBXFileReference; lastKnownFileType = file.storyboard; name = Base; path = Base.lproj/LaunchScreen.storyboard; sourceTree = "<group>"; };
		A867CCC924C42B7600D27F74 /* Info.plist */ = {isa = PBXFileReference; lastKnownFileType = text.plist.xml; path = Info.plist; sourceTree = "<group>"; };
		A867CCD224C42C2000D27F74 /* APIPublisher.swift */ = {isa = PBXFileReference; lastKnownFileType = sourcecode.swift; path = APIPublisher.swift; sourceTree = "<group>"; };
		A867CCD424C42E1B00D27F74 /* Request+.swift */ = {isa = PBXFileReference; lastKnownFileType = sourcecode.swift; path = "Request+.swift"; sourceTree = "<group>"; };
		A867CCD624C42EAD00D27F74 /* GitHubRequestProtocol.swift */ = {isa = PBXFileReference; lastKnownFileType = sourcecode.swift; path = GitHubRequestProtocol.swift; sourceTree = "<group>"; };
		A867CCD824C4333E00D27F74 /* APIDataParser.swift */ = {isa = PBXFileReference; lastKnownFileType = sourcecode.swift; path = APIDataParser.swift; sourceTree = "<group>"; };
/* End PBXFileReference section */

/* Begin PBXFrameworksBuildPhase section */
		A867CCB524C42B7500D27F74 /* Frameworks */ = {
			isa = PBXFrameworksBuildPhase;
			buildActionMask = 2147483647;
			files = (
				A867CCD124C42BA600D27F74 /* APIKit in Frameworks */,
			);
			runOnlyForDeploymentPostprocessing = 0;
		};
/* End PBXFrameworksBuildPhase section */

/* Begin PBXGroup section */
		A867CCAF24C42B7500D27F74 = {
			isa = PBXGroup;
			children = (
				A867CCBA24C42B7500D27F74 /* APIKitCombine */,
				A867CCB924C42B7500D27F74 /* Products */,
			);
			sourceTree = "<group>";
		};
		A867CCB924C42B7500D27F74 /* Products */ = {
			isa = PBXGroup;
			children = (
				A867CCB824C42B7500D27F74 /* APIKitCombine.app */,
			);
			name = Products;
			sourceTree = "<group>";
		};
		A867CCBA24C42B7500D27F74 /* APIKitCombine */ = {
			isa = PBXGroup;
			children = (
				A867CCBB24C42B7500D27F74 /* AppDelegate.swift */,
				A867CCBD24C42B7500D27F74 /* SceneDelegate.swift */,
				A867CCBF24C42B7500D27F74 /* ContentView.swift */,
				A8A6989424C4340100C80573 /* GithubAPI */,
				A867CCC124C42B7600D27F74 /* Assets.xcassets */,
				A867CCC624C42B7600D27F74 /* LaunchScreen.storyboard */,
				A867CCC924C42B7600D27F74 /* Info.plist */,
				A867CCC324C42B7600D27F74 /* Preview Content */,
			);
			path = APIKitCombine;
			sourceTree = "<group>";
		};
		A867CCC324C42B7600D27F74 /* Preview Content */ = {
			isa = PBXGroup;
			children = (
				A867CCC424C42B7600D27F74 /* Preview Assets.xcassets */,
			);
			path = "Preview Content";
			sourceTree = "<group>";
		};
		A8A6989424C4340100C80573 /* GithubAPI */ = {
			isa = PBXGroup;
			children = (
				A867CCD224C42C2000D27F74 /* APIPublisher.swift */,
				A867CCD424C42E1B00D27F74 /* Request+.swift */,
				A867CCD624C42EAD00D27F74 /* GitHubRequestProtocol.swift */,
				A867CCD824C4333E00D27F74 /* APIDataParser.swift */,
			);
			path = GithubAPI;
			sourceTree = "<group>";
		};
/* End PBXGroup section */

/* Begin PBXNativeTarget section */
		A867CCB724C42B7500D27F74 /* APIKitCombine */ = {
			isa = PBXNativeTarget;
			buildConfigurationList = A867CCCC24C42B7600D27F74 /* Build configuration list for PBXNativeTarget "APIKitCombine" */;
			buildPhases = (
				A867CCB424C42B7500D27F74 /* Sources */,
				A867CCB524C42B7500D27F74 /* Frameworks */,
				A867CCB624C42B7500D27F74 /* Resources */,
			);
			buildRules = (
			);
			dependencies = (
			);
			name = APIKitCombine;
			packageProductDependencies = (
				A867CCD024C42BA600D27F74 /* APIKit */,
			);
			productName = APIKitCombine;
			productReference = A867CCB824C42B7500D27F74 /* APIKitCombine.app */;
			productType = "com.apple.product-type.application";
		};
/* End PBXNativeTarget section */

/* Begin PBXProject section */
		A867CCB024C42B7500D27F74 /* Project object */ = {
			isa = PBXProject;
			attributes = {
				LastSwiftUpdateCheck = 1160;
				LastUpgradeCheck = 1160;
				ORGANIZATIONNAME = USK;
				TargetAttributes = {
					A867CCB724C42B7500D27F74 = {
						CreatedOnToolsVersion = 11.6;
					};
				};
			};
			buildConfigurationList = A867CCB324C42B7500D27F74 /* Build configuration list for PBXProject "APIKitCombine" */;
			compatibilityVersion = "Xcode 9.3";
			developmentRegion = en;
			hasScannedForEncodings = 0;
			knownRegions = (
				en,
				Base,
			);
			mainGroup = A867CCAF24C42B7500D27F74;
			packageReferences = (
				A867CCCF24C42BA600D27F74 /* XCRemoteSwiftPackageReference "APIKit" */,
			);
			productRefGroup = A867CCB924C42B7500D27F74 /* Products */;
			projectDirPath = "";
			projectRoot = "";
			targets = (
				A867CCB724C42B7500D27F74 /* APIKitCombine */,
			);
		};
/* End PBXProject section */

/* Begin PBXResourcesBuildPhase section */
		A867CCB624C42B7500D27F74 /* Resources */ = {
			isa = PBXResourcesBuildPhase;
			buildActionMask = 2147483647;
			files = (
				A867CCC824C42B7600D27F74 /* LaunchScreen.storyboard in Resources */,
				A867CCC524C42B7600D27F74 /* Preview Assets.xcassets in Resources */,
				A867CCC224C42B7600D27F74 /* Assets.xcassets in Resources */,
			);
			runOnlyForDeploymentPostprocessing = 0;
		};
/* End PBXResourcesBuildPhase section */

/* Begin PBXSourcesBuildPhase section */
		A867CCB424C42B7500D27F74 /* Sources */ = {
			isa = PBXSourcesBuildPhase;
			buildActionMask = 2147483647;
			files = (
				A867CCBC24C42B7500D27F74 /* AppDelegate.swift in Sources */,
				A867CCD324C42C2000D27F74 /* APIPublisher.swift in Sources */,
				A867CCBE24C42B7500D27F74 /* SceneDelegate.swift in Sources */,
				A867CCD524C42E1B00D27F74 /* Request+.swift in Sources */,
				A867CCD724C42EAD00D27F74 /* GitHubRequestProtocol.swift in Sources */,
				A867CCC024C42B7500D27F74 /* ContentView.swift in Sources */,
				A867CCD924C4333E00D27F74 /* APIDataParser.swift in Sources */,
			);
			runOnlyForDeploymentPostprocessing = 0;
		};
/* End PBXSourcesBuildPhase section */

/* Begin PBXVariantGroup section */
		A867CCC624C42B7600D27F74 /* LaunchScreen.storyboard */ = {
			isa = PBXVariantGroup;
			children = (
				A867CCC724C42B7600D27F74 /* Base */,
			);
			name = LaunchScreen.storyboard;
			sourceTree = "<group>";
		};
/* End PBXVariantGroup section */

/* Begin XCBuildConfiguration section */
		A867CCCA24C42B7600D27F74 /* Debug */ = {
			isa = XCBuildConfiguration;
			buildSettings = {
				ALWAYS_SEARCH_USER_PATHS = NO;
				CLANG_ANALYZER_NONNULL = YES;
				CLANG_ANALYZER_NUMBER_OBJECT_CONVERSION = YES_AGGRESSIVE;
				CLANG_CXX_LANGUAGE_STANDARD = "gnu++14";
				CLANG_CXX_LIBRARY = "libc++";
				CLANG_ENABLE_MODULES = YES;
				CLANG_ENABLE_OBJC_ARC = YES;
				CLANG_ENABLE_OBJC_WEAK = YES;
				CLANG_WARN_BLOCK_CAPTURE_AUTORELEASING = YES;
				CLANG_WARN_BOOL_CONVERSION = YES;
				CLANG_WARN_COMMA = YES;
				CLANG_WARN_CONSTANT_CONVERSION = YES;
				CLANG_WARN_DEPRECATED_OBJC_IMPLEMENTATIONS = YES;
				CLANG_WARN_DIRECT_OBJC_ISA_USAGE = YES_ERROR;
				CLANG_WARN_DOCUMENTATION_COMMENTS = YES;
				CLANG_WARN_EMPTY_BODY = YES;
				CLANG_WARN_ENUM_CONVERSION = YES;
				CLANG_WARN_INFINITE_RECURSION = YES;
				CLANG_WARN_INT_CONVERSION = YES;
				CLANG_WARN_NON_LITERAL_NULL_CONVERSION = YES;
				CLANG_WARN_OBJC_IMPLICIT_RETAIN_SELF = YES;
				CLANG_WARN_OBJC_LITERAL_CONVERSION = YES;
				CLANG_WARN_OBJC_ROOT_CLASS = YES_ERROR;
				CLANG_WARN_RANGE_LOOP_ANALYSIS = YES;
				CLANG_WARN_STRICT_PROTOTYPES = YES;
				CLANG_WARN_SUSPICIOUS_MOVE = YES;
				CLANG_WARN_UNGUARDED_AVAILABILITY = YES_AGGRESSIVE;
				CLANG_WARN_UNREACHABLE_CODE = YES;
				CLANG_WARN__DUPLICATE_METHOD_MATCH = YES;
				COPY_PHASE_STRIP = NO;
				DEBUG_INFORMATION_FORMAT = dwarf;
				ENABLE_STRICT_OBJC_MSGSEND = YES;
				ENABLE_TESTABILITY = YES;
				GCC_C_LANGUAGE_STANDARD = gnu11;
				GCC_DYNAMIC_NO_PIC = NO;
				GCC_NO_COMMON_BLOCKS = YES;
				GCC_OPTIMIZATION_LEVEL = 0;
				GCC_PREPROCESSOR_DEFINITIONS = (
					"DEBUG=1",
					"$(inherited)",
				);
				GCC_WARN_64_TO_32_BIT_CONVERSION = YES;
				GCC_WARN_ABOUT_RETURN_TYPE = YES_ERROR;
				GCC_WARN_UNDECLARED_SELECTOR = YES;
				GCC_WARN_UNINITIALIZED_AUTOS = YES_AGGRESSIVE;
				GCC_WARN_UNUSED_FUNCTION = YES;
				GCC_WARN_UNUSED_VARIABLE = YES;
				IPHONEOS_DEPLOYMENT_TARGET = 13.6;
				MTL_ENABLE_DEBUG_INFO = INCLUDE_SOURCE;
				MTL_FAST_MATH = YES;
				ONLY_ACTIVE_ARCH = YES;
				SDKROOT = iphoneos;
				SWIFT_ACTIVE_COMPILATION_CONDITIONS = DEBUG;
				SWIFT_OPTIMIZATION_LEVEL = "-Onone";
			};
			name = Debug;
		};
		A867CCCB24C42B7600D27F74 /* Release */ = {
			isa = XCBuildConfiguration;
			buildSettings = {
				ALWAYS_SEARCH_USER_PATHS = NO;
				CLANG_ANALYZER_NONNULL = YES;
				CLANG_ANALYZER_NUMBER_OBJECT_CONVERSION = YES_AGGRESSIVE;
				CLANG_CXX_LANGUAGE_STANDARD = "gnu++14";
				CLANG_CXX_LIBRARY = "libc++";
				CLANG_ENABLE_MODULES = YES;
				CLANG_ENABLE_OBJC_ARC = YES;
				CLANG_ENABLE_OBJC_WEAK = YES;
				CLANG_WARN_BLOCK_CAPTURE_AUTORELEASING = YES;
				CLANG_WARN_BOOL_CONVERSION = YES;
				CLANG_WARN_COMMA = YES;
				CLANG_WARN_CONSTANT_CONVERSION = YES;
				CLANG_WARN_DEPRECATED_OBJC_IMPLEMENTATIONS = YES;
				CLANG_WARN_DIRECT_OBJC_ISA_USAGE = YES_ERROR;
				CLANG_WARN_DOCUMENTATION_COMMENTS = YES;
				CLANG_WARN_EMPTY_BODY = YES;
				CLANG_WARN_ENUM_CONVERSION = YES;
				CLANG_WARN_INFINITE_RECURSION = YES;
				CLANG_WARN_INT_CONVERSION = YES;
				CLANG_WARN_NON_LITERAL_NULL_CONVERSION = YES;
				CLANG_WARN_OBJC_IMPLICIT_RETAIN_SELF = YES;
				CLANG_WARN_OBJC_LITERAL_CONVERSION = YES;
				CLANG_WARN_OBJC_ROOT_CLASS = YES_ERROR;
				CLANG_WARN_RANGE_LOOP_ANALYSIS = YES;
				CLANG_WARN_STRICT_PROTOTYPES = YES;
				CLANG_WARN_SUSPICIOUS_MOVE = YES;
				CLANG_WARN_UNGUARDED_AVAILABILITY = YES_AGGRESSIVE;
				CLANG_WARN_UNREACHABLE_CODE = YES;
				CLANG_WARN__DUPLICATE_METHOD_MATCH = YES;
				COPY_PHASE_STRIP = NO;
				DEBUG_INFORMATION_FORMAT = "dwarf-with-dsym";
				ENABLE_NS_ASSERTIONS = NO;
				ENABLE_STRICT_OBJC_MSGSEND = YES;
				GCC_C_LANGUAGE_STANDARD = gnu11;
				GCC_NO_COMMON_BLOCKS = YES;
				GCC_WARN_64_TO_32_BIT_CONVERSION = YES;
				GCC_WARN_ABOUT_RETURN_TYPE = YES_ERROR;
				GCC_WARN_UNDECLARED_SELECTOR = YES;
				GCC_WARN_UNINITIALIZED_AUTOS = YES_AGGRESSIVE;
				GCC_WARN_UNUSED_FUNCTION = YES;
				GCC_WARN_UNUSED_VARIABLE = YES;
				IPHONEOS_DEPLOYMENT_TARGET = 13.6;
				MTL_ENABLE_DEBUG_INFO = NO;
				MTL_FAST_MATH = YES;
				SDKROOT = iphoneos;
				SWIFT_COMPILATION_MODE = wholemodule;
				SWIFT_OPTIMIZATION_LEVEL = "-O";
				VALIDATE_PRODUCT = YES;
			};
			name = Release;
		};
		A867CCCD24C42B7600D27F74 /* Debug */ = {
			isa = XCBuildConfiguration;
			buildSettings = {
				ASSETCATALOG_COMPILER_APPICON_NAME = AppIcon;
				CODE_SIGN_STYLE = Automatic;
				DEVELOPMENT_ASSET_PATHS = "\"APIKitCombine/Preview Content\"";
				ENABLE_PREVIEWS = YES;
				INFOPLIST_FILE = APIKitCombine/Info.plist;
				LD_RUNPATH_SEARCH_PATHS = (
					"$(inherited)",
					"@executable_path/Frameworks",
				);
				PRODUCT_BUNDLE_IDENTIFIER = biz.usk.APIKitCombine;
				PRODUCT_NAME = "$(TARGET_NAME)";
				SWIFT_VERSION = 5.0;
				TARGETED_DEVICE_FAMILY = "1,2";
			};
			name = Debug;
		};
		A867CCCE24C42B7600D27F74 /* Release */ = {
			isa = XCBuildConfiguration;
			buildSettings = {
				ASSETCATALOG_COMPILER_APPICON_NAME = AppIcon;
				CODE_SIGN_STYLE = Automatic;
				DEVELOPMENT_ASSET_PATHS = "\"APIKitCombine/Preview Content\"";
				ENABLE_PREVIEWS = YES;
				INFOPLIST_FILE = APIKitCombine/Info.plist;
				LD_RUNPATH_SEARCH_PATHS = (
					"$(inherited)",
					"@executable_path/Frameworks",
				);
				PRODUCT_BUNDLE_IDENTIFIER = biz.usk.APIKitCombine;
				PRODUCT_NAME = "$(TARGET_NAME)";
				SWIFT_VERSION = 5.0;
				TARGETED_DEVICE_FAMILY = "1,2";
			};
			name = Release;
		};
/* End XCBuildConfiguration section */

/* Begin XCConfigurationList section */
		A867CCB324C42B7500D27F74 /* Build configuration list for PBXProject "APIKitCombine" */ = {
			isa = XCConfigurationList;
			buildConfigurations = (
				A867CCCA24C42B7600D27F74 /* Debug */,
				A867CCCB24C42B7600D27F74 /* Release */,
			);
			defaultConfigurationIsVisible = 0;
			defaultConfigurationName = Release;
		};
		A867CCCC24C42B7600D27F74 /* Build configuration list for PBXNativeTarget "APIKitCombine" */ = {
			isa = XCConfigurationList;
			buildConfigurations = (
				A867CCCD24C42B7600D27F74 /* Debug */,
				A867CCCE24C42B7600D27F74 /* Release */,
			);
			defaultConfigurationIsVisible = 0;
			defaultConfigurationName = Release;
		};
/* End XCConfigurationList section */

/* Begin XCRemoteSwiftPackageReference section */
		A867CCCF24C42BA600D27F74 /* XCRemoteSwiftPackageReference "APIKit" */ = {
			isa = XCRemoteSwiftPackageReference;
			repositoryURL = "https://github.com/ishkawa/APIKit/";
			requirement = {
				kind = upToNextMajorVersion;
				minimumVersion = 5.1.0;
			};
		};
/* End XCRemoteSwiftPackageReference section */

/* Begin XCSwiftPackageProductDependency section */
		A867CCD024C42BA600D27F74 /* APIKit */ = {
			isa = XCSwiftPackageProductDependency;
			package = A867CCCF24C42BA600D27F74 /* XCRemoteSwiftPackageReference "APIKit" */;
			productName = APIKit;
		};
/* End XCSwiftPackageProductDependency section */
	};
	rootObject = A867CCB024C42B7500D27F74 /* Project object */;
}
